
Microsoft Visual Studio Solution File, Format Version 12.00
# Visual Studio Version 17
VisualStudioVersion = 17.7.34221.43
MinimumVisualStudioVersion = 10.0.40219.1
Project("{FAE04EC0-301F-11D3-BF4B-00C04F79EFBC}") = "UnitTestProject", "UnitTestProject\UnitTestProject.csproj", "{524342E1-6AEB-47D7-96E2-CF69E204B83D}"
EndProject
Project("{9A19103F-16F7-4668-BE54-9A1E7A4F7556}") = "ClassLibrary2", "..\ClassLibrary2\ClassLibrary2\ClassLibrary2.csproj", "{D6C2829E-6D1B-4634-815F-BE04826CF397}"
EndProject
Global
	GlobalSection(SolutionConfigurationPlatforms) = preSolution
		Debug|Any CPU = Debug|Any CPU
		Release|Any CPU = Release|Any CPU
	EndGlobalSection
	GlobalSection(ProjectConfigurationPlatforms) = postSolution
		{524342E1-6AEB-47D7-96E2-CF69E204B83D}.Debug|Any CPU.ActiveCfg = Debug|Any CPU
		{524342E1-6AEB-47D7-96E2-CF69E204B83D}.Debug|Any CPU.Build.0 = Debug|Any CPU
		{524342E1-6AEB-47D7-96E2-CF69E204B83D}.Release|Any CPU.ActiveCfg = Release|Any CPU
		{524342E1-6AEB-47D7-96E2-CF69E204B83D}.Release|Any CPU.Build.0 = Release|Any CPU
		{D6C2829E-6D1B-4634-815F-BE04826CF397}.Debug|Any CPU.ActiveCfg = Debug|Any CPU
		{D6C2829E-6D1B-4634-815F-BE04826CF397}.Debug|Any CPU.Build.0 = Debug|Any CPU
		{D6C2829E-6D1B-4634-815F-BE04826CF397}.Release|Any CPU.ActiveCfg = Release|Any CPU
		{D6C2829E-6D1B-4634-815F-BE04826CF397}.Release|Any CPU.Build.0 = Release|Any CPU
	EndGlobalSection
	GlobalSection(SolutionProperties) = preSolution
		HideSolutionNode = FALSE
	EndGlobalSection
	GlobalSection(ExtensibilityGlobals) = postSolution
		SolutionGuid = {E77C0DEB-CE30-4A42-8788-0FCDC2F06980}
	EndGlobalSection
EndGlobal
